
Microsoft Visual Studio Solution File, Format Version 12.00
# Visual Studio Version 17
VisualStudioVersion = 17.6.33712.159
MinimumVisualStudioVersion = 10.0.40219.1
Project("{FAE04EC0-301F-11D3-BF4B-00C04F79EFBC}") = "GymVertical", "GymVertical.csproj", "{86F0B77F-4345-49E3-AF7F-8BBCE65E45BB}"
EndProject
Global
	GlobalSection(SolutionConfigurationPlatforms) = preSolution
		Debug|Any CPU = Debug|Any CPU
		Release|Any CPU = Release|Any CPU
	EndGlobalSection
	GlobalSection(ProjectConfigurationPlatforms) = postSolution
		{86F0B77F-4345-49E3-AF7F-8BBCE65E45BB}.Debug|Any CPU.ActiveCfg = Debug|Any CPU
		{86F0B77F-4345-49E3-AF7F-8BBCE65E45BB}.Debug|Any CPU.Build.0 = Debug|Any CPU
		{86F0B77F-4345-49E3-AF7F-8BBCE65E45BB}.Release|Any CPU.ActiveCfg = Release|Any CPU
		{86F0B77F-4345-49E3-AF7F-8BBCE65E45BB}.Release|Any CPU.Build.0 = Release|Any CPU
	EndGlobalSection
	GlobalSection(SolutionProperties) = preSolution
		HideSolutionNode = FALSE
	EndGlobalSection
	GlobalSection(ExtensibilityGlobals) = postSolution
		SolutionGuid = {93006B46-0279-455E-8C64-D2EF2B3A99B4}
	EndGlobalSection
EndGlobal
